
Microsoft Visual Studio Solution File, Format Version 12.00
# Visual Studio Version 17
VisualStudioVersion = 17.14.36518.9 d17.14
MinimumVisualStudioVersion = 10.0.40219.1
Project("{FAE04EC0-301F-11D3-BF4B-00C04F79EFBC}") = "checkoutkata", "checkoutkata\checkoutkata.csproj", "{083A8242-9B6B-4281-926C-25A334B49BE7}"
EndProject
Project("{FAE04EC0-301F-11D3-BF4B-00C04F79EFBC}") = "checkoutkataTests", "checkoutkataTests\checkoutkataTests.csproj", "{4C11A423-94F5-4D0A-BA76-05A65B080F10}"
EndProject
Global
	GlobalSection(SolutionConfigurationPlatforms) = preSolution
		Debug|Any CPU = Debug|Any CPU
		Release|Any CPU = Release|Any CPU
	EndGlobalSection
	GlobalSection(ProjectConfigurationPlatforms) = postSolution
		{083A8242-9B6B-4281-926C-25A334B49BE7}.Debug|Any CPU.ActiveCfg = Debug|Any CPU
		{083A8242-9B6B-4281-926C-25A334B49BE7}.Debug|Any CPU.Build.0 = Debug|Any CPU
		{083A8242-9B6B-4281-926C-25A334B49BE7}.Release|Any CPU.ActiveCfg = Release|Any CPU
		{083A8242-9B6B-4281-926C-25A334B49BE7}.Release|Any CPU.Build.0 = Release|Any CPU
		{4C11A423-94F5-4D0A-BA76-05A65B080F10}.Debug|Any CPU.ActiveCfg = Debug|Any CPU
		{4C11A423-94F5-4D0A-BA76-05A65B080F10}.Debug|Any CPU.Build.0 = Debug|Any CPU
		{4C11A423-94F5-4D0A-BA76-05A65B080F10}.Release|Any CPU.ActiveCfg = Release|Any CPU
		{4C11A423-94F5-4D0A-BA76-05A65B080F10}.Release|Any CPU.Build.0 = Release|Any CPU
	EndGlobalSection
	GlobalSection(SolutionProperties) = preSolution
		HideSolutionNode = FALSE
	EndGlobalSection
	GlobalSection(ExtensibilityGlobals) = postSolution
		SolutionGuid = {0CADC659-ACDF-4C68-94DD-74CB75BBB239}
	EndGlobalSection
EndGlobal
